
Microsoft Visual Studio Solution File, Format Version 12.00
# Visual Studio Version 16
VisualStudioVersion = 25.0.1706.7
MinimumVisualStudioVersion = 10.0.40219.1
Project("{FAE04EC0-301F-11D3-BF4B-00C04F79EFBC}") = "sms", "sms.csproj", "{77517BFF-FB2F-4ED1-AA92-C5CB9ABAE653}"
EndProject
Global
	GlobalSection(SolutionConfigurationPlatforms) = preSolution
		Debug|Any CPU = Debug|Any CPU
		Release|Any CPU = Release|Any CPU
	EndGlobalSection
	GlobalSection(ProjectConfigurationPlatforms) = postSolution
		{77517BFF-FB2F-4ED1-AA92-C5CB9ABAE653}.Debug|Any CPU.ActiveCfg = Debug|Any CPU
		{77517BFF-FB2F-4ED1-AA92-C5CB9ABAE653}.Debug|Any CPU.Build.0 = Debug|Any CPU
		{77517BFF-FB2F-4ED1-AA92-C5CB9ABAE653}.Release|Any CPU.ActiveCfg = Release|Any CPU
		{77517BFF-FB2F-4ED1-AA92-C5CB9ABAE653}.Release|Any CPU.Build.0 = Release|Any CPU
	EndGlobalSection
	GlobalSection(SolutionProperties) = preSolution
		HideSolutionNode = FALSE
	EndGlobalSection
	GlobalSection(ExtensibilityGlobals) = postSolution
		SolutionGuid = {6ADC4FE4-F631-4F9F-8934-B0CED73EFE57}
	EndGlobalSection
EndGlobal
